
Microsoft Visual Studio Solution File, Format Version 12.00
# Visual Studio Version 16
VisualStudioVersion = 16.0.31025.194
MinimumVisualStudioVersion = 10.0.40219.1
Project("{8BC9CEB8-8B4A-11D0-8D11-00A0C91BC942}") = "C++_Study_Project", "C++_Study_Project.vcxproj", "{6A07FE1E-8A50-46EA-9A2D-0EDD5581EA58}"
EndProject
Project("{8BC9CEB8-8B4A-11D0-8D11-00A0C91BC942}") = "1장_C++_Programning_Basic_01", "..\1장_C++_Programning_Basic_01\1장_C++_Programning_Basic_01.vcxproj", "{C50C5F0D-E6BD-43AE-9A41-EEBED4CB074C}"
EndProject
Project("{8BC9CEB8-8B4A-11D0-8D11-00A0C91BC942}") = "1장_C++_Programning_Basic_02", "..\1장_C++_Programning_Basic_02\1장_C++_Programning_Basic_02.vcxproj", "{1E9C952E-9A5E-4BBD-9E49-EBF01114DA00}"
EndProject
Project("{8BC9CEB8-8B4A-11D0-8D11-00A0C91BC942}") = "1장_C++_Programning_Basic_03", "..\1장_C++_Programning_Basic_03\1장_C++_Programning_Basic_03.vcxproj", "{2A662C7E-6D56-434D-B1E0-029F2AE12998}"
EndProject
Project("{8BC9CEB8-8B4A-11D0-8D11-00A0C91BC942}") = "1장_C++_Programning_Basic_04", "..\1장_C++_Programning_Basic_04\1장_C++_Programning_Basic_04.vcxproj", "{23136936-5841-45D5-A559-103A2C779F3D}"
EndProject
Project("{8BC9CEB8-8B4A-11D0-8D11-00A0C91BC942}") = "1장_C++_Programning_Basic_05", "..\1장_C++_Programning_Basic_05\1장_C++_Programning_Basic_05.vcxproj", "{3093D0EF-DBEF-4664-A87F-9C34AECA792E}"
EndProject
Project("{2150E333-8FDC-42A3-9474-1A3956D46DE8}") = "1장", "1장", "{C149EB2D-D8F7-417E-9E8D-6ED0C90B0C93}"
EndProject
Project("{2150E333-8FDC-42A3-9474-1A3956D46DE8}") = "2장", "2장", "{1D14113F-2B4B-405E-A6B6-FDC9CBB57399}"
EndProject
Project("{8BC9CEB8-8B4A-11D0-8D11-00A0C91BC942}") = "2장_C++_Class and Object_01", "..\2장_C++_Class and Object_01\2장_C++_Class and Object_01.vcxproj", "{C398D4B2-6741-46A1-86F5-65888CA89877}"
EndProject
Project("{8BC9CEB8-8B4A-11D0-8D11-00A0C91BC942}") = "2장_C++_Class and Object_02", "..\2장_C++_Class and Object_02\2장_C++_Class and Object_02.vcxproj", "{93673E44-6334-414F-9EF9-DAD04ED01D3E}"
EndProject
Project("{8BC9CEB8-8B4A-11D0-8D11-00A0C91BC942}") = "2장_C++_Class and Object_03", "..\2장_C++_Class and Object_03\2장_C++_Class and Object_03.vcxproj", "{932B835D-E504-4F56-B883-888421948AFA}"
EndProject
Project("{8BC9CEB8-8B4A-11D0-8D11-00A0C91BC942}") = "2장_C++_Class and Object_04", "..\2장_C++_Class and Object_04\2장_C++_Class and Object_04.vcxproj", "{6CCBEEF9-DFB8-4D4C-9A6B-93F41B6FE4D9}"
EndProject
Project("{8BC9CEB8-8B4A-11D0-8D11-00A0C91BC942}") = "2장_C++_Class and Object_05", "..\2장_C++_Class and Object_05\2장_C++_Class and Object_05.vcxproj", "{FA3CF3E9-C4C1-485B-A2C0-482D8CF63E74}"
EndProject
Project("{8BC9CEB8-8B4A-11D0-8D11-00A0C91BC942}") = "2장_C++_Class and Object_06", "..\2장_C++_Class and Object_06\2장_C++_Class and Object_06.vcxproj", "{39E87820-038D-4C29-8D33-E86CC98850F4}"
EndProject
Global
	GlobalSection(SolutionConfigurationPlatforms) = preSolution
		Debug|x64 = Debug|x64
		Debug|x86 = Debug|x86
		Release|x64 = Release|x64
		Release|x86 = Release|x86
	EndGlobalSection
	GlobalSection(ProjectConfigurationPlatforms) = postSolution
		{6A07FE1E-8A50-46EA-9A2D-0EDD5581EA58}.Debug|x64.ActiveCfg = Debug|x64
		{6A07FE1E-8A50-46EA-9A2D-0EDD5581EA58}.Debug|x64.Build.0 = Debug|x64
		{6A07FE1E-8A50-46EA-9A2D-0EDD5581EA58}.Debug|x86.ActiveCfg = Debug|Win32
		{6A07FE1E-8A50-46EA-9A2D-0EDD5581EA58}.Debug|x86.Build.0 = Debug|Win32
		{6A07FE1E-8A50-46EA-9A2D-0EDD5581EA58}.Release|x64.ActiveCfg = Release|x64
		{6A07FE1E-8A50-46EA-9A2D-0EDD5581EA58}.Release|x64.Build.0 = Release|x64
		{6A07FE1E-8A50-46EA-9A2D-0EDD5581EA58}.Release|x86.ActiveCfg = Release|Win32
		{6A07FE1E-8A50-46EA-9A2D-0EDD5581EA58}.Release|x86.Build.0 = Release|Win32
		{C50C5F0D-E6BD-43AE-9A41-EEBED4CB074C}.Debug|x64.ActiveCfg = Debug|x64
		{C50C5F0D-E6BD-43AE-9A41-EEBED4CB074C}.Debug|x64.Build.0 = Debug|x64
		{C50C5F0D-E6BD-43AE-9A41-EEBED4CB074C}.Debug|x86.ActiveCfg = Debug|Win32
		{C50C5F0D-E6BD-43AE-9A41-EEBED4CB074C}.Debug|x86.Build.0 = Debug|Win32
		{C50C5F0D-E6BD-43AE-9A41-EEBED4CB074C}.Release|x64.ActiveCfg = Release|x64
		{C50C5F0D-E6BD-43AE-9A41-EEBED4CB074C}.Release|x64.Build.0 = Release|x64
		{C50C5F0D-E6BD-43AE-9A41-EEBED4CB074C}.Release|x86.ActiveCfg = Release|Win32
		{C50C5F0D-E6BD-43AE-9A41-EEBED4CB074C}.Release|x86.Build.0 = Release|Win32
		{1E9C952E-9A5E-4BBD-9E49-EBF01114DA00}.Debug|x64.ActiveCfg = Debug|x64
		{1E9C952E-9A5E-4BBD-9E49-EBF01114DA00}.Debug|x64.Build.0 = Debug|x64
		{1E9C952E-9A5E-4BBD-9E49-EBF01114DA00}.Debug|x86.ActiveCfg = Debug|Win32
		{1E9C952E-9A5E-4BBD-9E49-EBF01114DA00}.Debug|x86.Build.0 = Debug|Win32
		{1E9C952E-9A5E-4BBD-9E49-EBF01114DA00}.Release|x64.ActiveCfg = Release|x64
		{1E9C952E-9A5E-4BBD-9E49-EBF01114DA00}.Release|x64.Build.0 = Release|x64
		{1E9C952E-9A5E-4BBD-9E49-EBF01114DA00}.Release|x86.ActiveCfg = Release|Win32
		{1E9C952E-9A5E-4BBD-9E49-EBF01114DA00}.Release|x86.Build.0 = Release|Win32
		{2A662C7E-6D56-434D-B1E0-029F2AE12998}.Debug|x64.ActiveCfg = Debug|x64
		{2A662C7E-6D56-434D-B1E0-029F2AE12998}.Debug|x64.Build.0 = Debug|x64
		{2A662C7E-6D56-434D-B1E0-029F2AE12998}.Debug|x86.ActiveCfg = Debug|Win32
		{2A662C7E-6D56-434D-B1E0-029F2AE12998}.Debug|x86.Build.0 = Debug|Win32
		{2A662C7E-6D56-434D-B1E0-029F2AE12998}.Release|x64.ActiveCfg = Release|x64
		{2A662C7E-6D56-434D-B1E0-029F2AE12998}.Release|x64.Build.0 = Release|x64
		{2A662C7E-6D56-434D-B1E0-029F2AE12998}.Release|x86.ActiveCfg = Release|Win32
		{2A662C7E-6D56-434D-B1E0-029F2AE12998}.Release|x86.Build.0 = Release|Win32
		{23136936-5841-45D5-A559-103A2C779F3D}.Debug|x64.ActiveCfg = Debug|x64
		{23136936-5841-45D5-A559-103A2C779F3D}.Debug|x64.Build.0 = Debug|x64
		{23136936-5841-45D5-A559-103A2C779F3D}.Debug|x86.ActiveCfg = Debug|Win32
		{23136936-5841-45D5-A559-103A2C779F3D}.Debug|x86.Build.0 = Debug|Win32
		{23136936-5841-45D5-A559-103A2C779F3D}.Release|x64.ActiveCfg = Release|x64
		{23136936-5841-45D5-A559-103A2C779F3D}.Release|x64.Build.0 = Release|x64
		{23136936-5841-45D5-A559-103A2C779F3D}.Release|x86.ActiveCfg = Release|Win32
		{23136936-5841-45D5-A559-103A2C779F3D}.Release|x86.Build.0 = Release|Win32
		{3093D0EF-DBEF-4664-A87F-9C34AECA792E}.Debug|x64.ActiveCfg = Debug|x64
		{3093D0EF-DBEF-4664-A87F-9C34AECA792E}.Debug|x64.Build.0 = Debug|x64
		{3093D0EF-DBEF-4664-A87F-9C34AECA792E}.Debug|x86.ActiveCfg = Debug|Win32
		{3093D0EF-DBEF-4664-A87F-9C34AECA792E}.Debug|x86.Build.0 = Debug|Win32
		{3093D0EF-DBEF-4664-A87F-9C34AECA792E}.Release|x64.ActiveCfg = Release|x64
		{3093D0EF-DBEF-4664-A87F-9C34AECA792E}.Release|x64.Build.0 = Release|x64
		{3093D0EF-DBEF-4664-A87F-9C34AECA792E}.Release|x86.ActiveCfg = Release|Win32
		{3093D0EF-DBEF-4664-A87F-9C34AECA792E}.Release|x86.Build.0 = Release|Win32
		{C398D4B2-6741-46A1-86F5-65888CA89877}.Debug|x64.ActiveCfg = Debug|x64
		{C398D4B2-6741-46A1-86F5-65888CA89877}.Debug|x64.Build.0 = Debug|x64
		{C398D4B2-6741-46A1-86F5-65888CA89877}.Debug|x86.ActiveCfg = Debug|Win32
		{C398D4B2-6741-46A1-86F5-65888CA89877}.Debug|x86.Build.0 = Debug|Win32
		{C398D4B2-6741-46A1-86F5-65888CA89877}.Release|x64.ActiveCfg = Release|x64
		{C398D4B2-6741-46A1-86F5-65888CA89877}.Release|x64.Build.0 = Release|x64
		{C398D4B2-6741-46A1-86F5-65888CA89877}.Release|x86.ActiveCfg = Release|Win32
		{C398D4B2-6741-46A1-86F5-65888CA89877}.Release|x86.Build.0 = Release|Win32
		{93673E44-6334-414F-9EF9-DAD04ED01D3E}.Debug|x64.ActiveCfg = Debug|x64
		{93673E44-6334-414F-9EF9-DAD04ED01D3E}.Debug|x64.Build.0 = Debug|x64
		{93673E44-6334-414F-9EF9-DAD04ED01D3E}.Debug|x86.ActiveCfg = Debug|Win32
		{93673E44-6334-414F-9EF9-DAD04ED01D3E}.Debug|x86.Build.0 = Debug|Win32
		{93673E44-6334-414F-9EF9-DAD04ED01D3E}.Release|x64.ActiveCfg = Release|x64
		{93673E44-6334-414F-9EF9-DAD04ED01D3E}.Release|x64.Build.0 = Release|x64
		{93673E44-6334-414F-9EF9-DAD04ED01D3E}.Release|x86.ActiveCfg = Release|Win32
		{93673E44-6334-414F-9EF9-DAD04ED01D3E}.Release|x86.Build.0 = Release|Win32
		{932B835D-E504-4F56-B883-888421948AFA}.Debug|x64.ActiveCfg = Debug|x64
		{932B835D-E504-4F56-B883-888421948AFA}.Debug|x64.Build.0 = Debug|x64
		{932B835D-E504-4F56-B883-888421948AFA}.Debug|x86.ActiveCfg = Debug|Win32
		{932B835D-E504-4F56-B883-888421948AFA}.Debug|x86.Build.0 = Debug|Win32
		{932B835D-E504-4F56-B883-888421948AFA}.Release|x64.ActiveCfg = Release|x64
		{932B835D-E504-4F56-B883-888421948AFA}.Release|x64.Build.0 = Release|x64
		{932B835D-E504-4F56-B883-888421948AFA}.Release|x86.ActiveCfg = Release|Win32
		{932B835D-E504-4F56-B883-888421948AFA}.Release|x86.Build.0 = Release|Win32
		{6CCBEEF9-DFB8-4D4C-9A6B-93F41B6FE4D9}.Debug|x64.ActiveCfg = Debug|x64
		{6CCBEEF9-DFB8-4D4C-9A6B-93F41B6FE4D9}.Debug|x64.Build.0 = Debug|x64
		{6CCBEEF9-DFB8-4D4C-9A6B-93F41B6FE4D9}.Debug|x86.ActiveCfg = Debug|Win32
		{6CCBEEF9-DFB8-4D4C-9A6B-93F41B6FE4D9}.Debug|x86.Build.0 = Debug|Win32
		{6CCBEEF9-DFB8-4D4C-9A6B-93F41B6FE4D9}.Release|x64.ActiveCfg = Release|x64
		{6CCBEEF9-DFB8-4D4C-9A6B-93F41B6FE4D9}.Release|x64.Build.0 = Release|x64
		{6CCBEEF9-DFB8-4D4C-9A6B-93F41B6FE4D9}.Release|x86.ActiveCfg = Release|Win32
		{6CCBEEF9-DFB8-4D4C-9A6B-93F41B6FE4D9}.Release|x86.Build.0 = Release|Win32
		{FA3CF3E9-C4C1-485B-A2C0-482D8CF63E74}.Debug|x64.ActiveCfg = Debug|x64
		{FA3CF3E9-C4C1-485B-A2C0-482D8CF63E74}.Debug|x64.Build.0 = Debug|x64
		{FA3CF3E9-C4C1-485B-A2C0-482D8CF63E74}.Debug|x86.ActiveCfg = Debug|Win32
		{FA3CF3E9-C4C1-485B-A2C0-482D8CF63E74}.Debug|x86.Build.0 = Debug|Win32
		{FA3CF3E9-C4C1-485B-A2C0-482D8CF63E74}.Release|x64.ActiveCfg = Release|x64
		{FA3CF3E9-C4C1-485B-A2C0-482D8CF63E74}.Release|x64.Build.0 = Release|x64
		{FA3CF3E9-C4C1-485B-A2C0-482D8CF63E74}.Release|x86.ActiveCfg = Release|Win32
		{FA3CF3E9-C4C1-485B-A2C0-482D8CF63E74}.Release|x86.Build.0 = Release|Win32
		{39E87820-038D-4C29-8D33-E86CC98850F4}.Debug|x64.ActiveCfg = Debug|x64
		{39E87820-038D-4C29-8D33-E86CC98850F4}.Debug|x64.Build.0 = Debug|x64
		{39E87820-038D-4C29-8D33-E86CC98850F4}.Debug|x86.ActiveCfg = Debug|Win32
		{39E87820-038D-4C29-8D33-E86CC98850F4}.Debug|x86.Build.0 = Debug|Win32
		{39E87820-038D-4C29-8D33-E86CC98850F4}.Release|x64.ActiveCfg = Release|x64
		{39E87820-038D-4C29-8D33-E86CC98850F4}.Release|x64.Build.0 = Release|x64
		{39E87820-038D-4C29-8D33-E86CC98850F4}.Release|x86.ActiveCfg = Release|Win32
		{39E87820-038D-4C29-8D33-E86CC98850F4}.Release|x86.Build.0 = Release|Win32
	EndGlobalSection
	GlobalSection(SolutionProperties) = preSolution
		HideSolutionNode = FALSE
	EndGlobalSection
	GlobalSection(NestedProjects) = preSolution
		{C50C5F0D-E6BD-43AE-9A41-EEBED4CB074C} = {C149EB2D-D8F7-417E-9E8D-6ED0C90B0C93}
		{1E9C952E-9A5E-4BBD-9E49-EBF01114DA00} = {C149EB2D-D8F7-417E-9E8D-6ED0C90B0C93}
		{2A662C7E-6D56-434D-B1E0-029F2AE12998} = {C149EB2D-D8F7-417E-9E8D-6ED0C90B0C93}
		{23136936-5841-45D5-A559-103A2C779F3D} = {C149EB2D-D8F7-417E-9E8D-6ED0C90B0C93}
		{3093D0EF-DBEF-4664-A87F-9C34AECA792E} = {C149EB2D-D8F7-417E-9E8D-6ED0C90B0C93}
		{C398D4B2-6741-46A1-86F5-65888CA89877} = {1D14113F-2B4B-405E-A6B6-FDC9CBB57399}
		{93673E44-6334-414F-9EF9-DAD04ED01D3E} = {1D14113F-2B4B-405E-A6B6-FDC9CBB57399}
		{932B835D-E504-4F56-B883-888421948AFA} = {1D14113F-2B4B-405E-A6B6-FDC9CBB57399}
		{6CCBEEF9-DFB8-4D4C-9A6B-93F41B6FE4D9} = {1D14113F-2B4B-405E-A6B6-FDC9CBB57399}
		{FA3CF3E9-C4C1-485B-A2C0-482D8CF63E74} = {1D14113F-2B4B-405E-A6B6-FDC9CBB57399}
		{39E87820-038D-4C29-8D33-E86CC98850F4} = {1D14113F-2B4B-405E-A6B6-FDC9CBB57399}
	EndGlobalSection
	GlobalSection(ExtensibilityGlobals) = postSolution
		SolutionGuid = {5BC38B86-D367-4868-9A0F-6E88F51E44E1}
	EndGlobalSection
EndGlobal
